
Microsoft Visual Studio Solution File, Format Version 12.00
# Visual Studio Version 16
VisualStudioVersion = 25.0.1706.0
MinimumVisualStudioVersion = 10.0.40219.1
Project("{FAE04EC0-301F-11D3-BF4B-00C04F79EFBC}") = "Group1EventAngularProject", "Group1EventAngularProject\Group1EventAngularProject.csproj", "{6047F9D2-A772-48F7-A5A6-B4D1D504FEA8}"
EndProject
Global
	GlobalSection(SolutionConfigurationPlatforms) = preSolution
		Debug|Any CPU = Debug|Any CPU
		Release|Any CPU = Release|Any CPU
	EndGlobalSection
	GlobalSection(ProjectConfigurationPlatforms) = postSolution
		{6047F9D2-A772-48F7-A5A6-B4D1D504FEA8}.Debug|Any CPU.ActiveCfg = Debug|Any CPU
		{6047F9D2-A772-48F7-A5A6-B4D1D504FEA8}.Debug|Any CPU.Build.0 = Debug|Any CPU
		{6047F9D2-A772-48F7-A5A6-B4D1D504FEA8}.Release|Any CPU.ActiveCfg = Release|Any CPU
		{6047F9D2-A772-48F7-A5A6-B4D1D504FEA8}.Release|Any CPU.Build.0 = Release|Any CPU
	EndGlobalSection
	GlobalSection(SolutionProperties) = preSolution
		HideSolutionNode = FALSE
	EndGlobalSection
	GlobalSection(ExtensibilityGlobals) = postSolution
		SolutionGuid = {063B14E4-E50F-44A5-93CE-9ACC430F52A9}
	EndGlobalSection
EndGlobal
